
Microsoft Visual Studio Solution File, Format Version 12.00
# Visual Studio 15
VisualStudioVersion = 15.0.27703.2000
MinimumVisualStudioVersion = 10.0.40219.1
Project("{FAE04EC0-301F-11D3-BF4B-00C04F79EFBC}") = "MultilenguajeMvcCore", "MultilenguajeMvcCore\MultilenguajeMvcCore.csproj", "{38615416-F0CB-4EAF-B551-073C93F1321F}"
EndProject
Global
	GlobalSection(SolutionConfigurationPlatforms) = preSolution
		Debug|Any CPU = Debug|Any CPU
		Release|Any CPU = Release|Any CPU
	EndGlobalSection
	GlobalSection(ProjectConfigurationPlatforms) = postSolution
		{38615416-F0CB-4EAF-B551-073C93F1321F}.Debug|Any CPU.ActiveCfg = Debug|Any CPU
		{38615416-F0CB-4EAF-B551-073C93F1321F}.Debug|Any CPU.Build.0 = Debug|Any CPU
		{38615416-F0CB-4EAF-B551-073C93F1321F}.Release|Any CPU.ActiveCfg = Release|Any CPU
		{38615416-F0CB-4EAF-B551-073C93F1321F}.Release|Any CPU.Build.0 = Release|Any CPU
	EndGlobalSection
	GlobalSection(SolutionProperties) = preSolution
		HideSolutionNode = FALSE
	EndGlobalSection
	GlobalSection(ExtensibilityGlobals) = postSolution
		SolutionGuid = {4C7AE3C3-74AD-4A8F-9A0D-8F1E795F0F65}
	EndGlobalSection
EndGlobal
